// !$*UTF8*$!
{
	archiveVersion = 1;
	classes = {
	};
	objectVersion = 50;
	objects = {

/* Begin PBXBuildFile section */
		078D70B22607BEAA00DFFD77 /* AppDelegate.swift in Sources */ = {isa = PBXBuildFile; fileRef = 078D70B12607BEAA00DFFD77 /* AppDelegate.swift */; };
		078D70B42607BEAA00DFFD77 /* SceneDelegate.swift in Sources */ = {isa = PBXBuildFile; fileRef = 078D70B32607BEAA00DFFD77 /* SceneDelegate.swift */; };
		078D70B82607BEAC00DFFD77 /* Assets.xcassets in Resources */ = {isa = PBXBuildFile; fileRef = 078D70B72607BEAC00DFFD77 /* Assets.xcassets */; };
		078D70BB2607BEAC00DFFD77 /* Preview Assets.xcassets in Resources */ = {isa = PBXBuildFile; fileRef = 078D70BA2607BEAC00DFFD77 /* Preview Assets.xcassets */; };
		078D70C92607C41300DFFD77 /* QuestionFetcher.swift in Sources */ = {isa = PBXBuildFile; fileRef = 078D70C82607C41300DFFD77 /* QuestionFetcher.swift */; };
		078D70CB2607C49C00DFFD77 /* QuestionResponse.swift in Sources */ = {isa = PBXBuildFile; fileRef = 078D70CA2607C49C00DFFD77 /* QuestionResponse.swift */; };
		078D70CD2607C56600DFFD77 /* QuestionError.swift in Sources */ = {isa = PBXBuildFile; fileRef = 078D70CC2607C56600DFFD77 /* QuestionError.swift */; };
		078D70D32607CE7C00DFFD77 /* TestQuestionViewModel.swift in Sources */ = {isa = PBXBuildFile; fileRef = 078D70D22607CE7C00DFFD77 /* TestQuestionViewModel.swift */; };
		078D70D52607CEF700DFFD77 /* TestViewModel.swift in Sources */ = {isa = PBXBuildFile; fileRef = 078D70D42607CEF700DFFD77 /* TestViewModel.swift */; };
		078D70D72607DE4600DFFD77 /* TestView.swift in Sources */ = {isa = PBXBuildFile; fileRef = 078D70D62607DE4500DFFD77 /* TestView.swift */; };
		078D70D92607E0AF00DFFD77 /* TestQuestionView.swift in Sources */ = {isa = PBXBuildFile; fileRef = 078D70D82607E0AF00DFFD77 /* TestQuestionView.swift */; };
		078D70DD2608BF3B00DFFD77 /* LoadingIndicator.swift in Sources */ = {isa = PBXBuildFile; fileRef = 078D70DC2608BF3B00DFFD77 /* LoadingIndicator.swift */; };
/* End PBXBuildFile section */

/* Begin PBXFileReference section */
		078D70AE2607BEAA00DFFD77 /* PersonalityTestApp.app */ = {isa = PBXFileReference; explicitFileType = wrapper.application; includeInIndex = 0; path = PersonalityTestApp.app; sourceTree = BUILT_PRODUCTS_DIR; };
		078D70B12607BEAA00DFFD77 /* AppDelegate.swift */ = {isa = PBXFileReference; lastKnownFileType = sourcecode.swift; path = AppDelegate.swift; sourceTree = "<group>"; };
		078D70B32607BEAA00DFFD77 /* SceneDelegate.swift */ = {isa = PBXFileReference; lastKnownFileType = sourcecode.swift; path = SceneDelegate.swift; sourceTree = "<group>"; };
		078D70B72607BEAC00DFFD77 /* Assets.xcassets */ = {isa = PBXFileReference; lastKnownFileType = folder.assetcatalog; path = Assets.xcassets; sourceTree = "<group>"; };
		078D70BA2607BEAC00DFFD77 /* Preview Assets.xcassets */ = {isa = PBXFileReference; lastKnownFileType = folder.assetcatalog; path = "Preview Assets.xcassets"; sourceTree = "<group>"; };
		078D70BF2607BEAC00DFFD77 /* Info.plist */ = {isa = PBXFileReference; lastKnownFileType = text.plist.xml; path = Info.plist; sourceTree = "<group>"; };
		078D70C82607C41300DFFD77 /* QuestionFetcher.swift */ = {isa = PBXFileReference; lastKnownFileType = sourcecode.swift; path = QuestionFetcher.swift; sourceTree = "<group>"; };
		078D70CA2607C49C00DFFD77 /* QuestionResponse.swift */ = {isa = PBXFileReference; lastKnownFileType = sourcecode.swift; path = QuestionResponse.swift; sourceTree = "<group>"; };
		078D70CC2607C56600DFFD77 /* QuestionError.swift */ = {isa = PBXFileReference; lastKnownFileType = sourcecode.swift; path = QuestionError.swift; sourceTree = "<group>"; };
		078D70D22607CE7C00DFFD77 /* TestQuestionViewModel.swift */ = {isa = PBXFileReference; lastKnownFileType = sourcecode.swift; path = TestQuestionViewModel.swift; sourceTree = "<group>"; };
		078D70D42607CEF700DFFD77 /* TestViewModel.swift */ = {isa = PBXFileReference; lastKnownFileType = sourcecode.swift; path = TestViewModel.swift; sourceTree = "<group>"; };
		078D70D62607DE4500DFFD77 /* TestView.swift */ = {isa = PBXFileReference; lastKnownFileType = sourcecode.swift; path = TestView.swift; sourceTree = "<group>"; };
		078D70D82607E0AF00DFFD77 /* TestQuestionView.swift */ = {isa = PBXFileReference; lastKnownFileType = sourcecode.swift; path = TestQuestionView.swift; sourceTree = "<group>"; };
		078D70DC2608BF3B00DFFD77 /* LoadingIndicator.swift */ = {isa = PBXFileReference; lastKnownFileType = sourcecode.swift; path = LoadingIndicator.swift; sourceTree = "<group>"; };
/* End PBXFileReference section */

/* Begin PBXFrameworksBuildPhase section */
		078D70AB2607BEAA00DFFD77 /* Frameworks */ = {
			isa = PBXFrameworksBuildPhase;
			buildActionMask = 2147483647;
			files = (
			);
			runOnlyForDeploymentPostprocessing = 0;
		};
/* End PBXFrameworksBuildPhase section */

/* Begin PBXGroup section */
		078D70A52607BEA900DFFD77 = {
			isa = PBXGroup;
			children = (
				078D70B02607BEAA00DFFD77 /* PersonalityTestApp */,
				078D70AF2607BEAA00DFFD77 /* Products */,
			);
			sourceTree = "<group>";
		};
		078D70AF2607BEAA00DFFD77 /* Products */ = {
			isa = PBXGroup;
			children = (
				078D70AE2607BEAA00DFFD77 /* PersonalityTestApp.app */,
			);
			name = Products;
			sourceTree = "<group>";
		};
		078D70B02607BEAA00DFFD77 /* PersonalityTestApp */ = {
			isa = PBXGroup;
			children = (
				078D70DB2608BEE800DFFD77 /* App */,
				078D70C72607C3C900DFFD77 /* API */,
				078D70DA2608BEA800DFFD77 /* Helpers */,
				078D70D12607CDD800DFFD77 /* Core */,
				078D70C52607C31F00DFFD77 /* SupportingFiles */,
				078D70B92607BEAC00DFFD77 /* Preview Content */,
			);
			path = PersonalityTestApp;
			sourceTree = "<group>";
		};
		078D70B92607BEAC00DFFD77 /* Preview Content */ = {
			isa = PBXGroup;
			children = (
				078D70BA2607BEAC00DFFD77 /* Preview Assets.xcassets */,
			);
			path = "Preview Content";
			sourceTree = "<group>";
		};
		078D70C52607C31F00DFFD77 /* SupportingFiles */ = {
			isa = PBXGroup;
			children = (
				078D70B72607BEAC00DFFD77 /* Assets.xcassets */,
				078D70BF2607BEAC00DFFD77 /* Info.plist */,
			);
			path = SupportingFiles;
			sourceTree = "<group>";
		};
		078D70C72607C3C900DFFD77 /* API */ = {
			isa = PBXGroup;
			children = (
				078D70C82607C41300DFFD77 /* QuestionFetcher.swift */,
				078D70CA2607C49C00DFFD77 /* QuestionResponse.swift */,
				078D70CC2607C56600DFFD77 /* QuestionError.swift */,
			);
			path = API;
			sourceTree = "<group>";
		};
		078D70D12607CDD800DFFD77 /* Core */ = {
			isa = PBXGroup;
			children = (
				078D70D42607CEF700DFFD77 /* TestViewModel.swift */,
				078D70D62607DE4500DFFD77 /* TestView.swift */,
				078D70D22607CE7C00DFFD77 /* TestQuestionViewModel.swift */,
				078D70D82607E0AF00DFFD77 /* TestQuestionView.swift */,
			);
			path = Core;
			sourceTree = "<group>";
		};
		078D70DA2608BEA800DFFD77 /* Helpers */ = {
			isa = PBXGroup;
			children = (
				078D70DC2608BF3B00DFFD77 /* LoadingIndicator.swift */,
			);
			path = Helpers;
			sourceTree = "<group>";
		};
		078D70DB2608BEE800DFFD77 /* App */ = {
			isa = PBXGroup;
			children = (
				078D70B12607BEAA00DFFD77 /* AppDelegate.swift */,
				078D70B32607BEAA00DFFD77 /* SceneDelegate.swift */,
			);
			path = App;
			sourceTree = "<group>";
		};
/* End PBXGroup section */

/* Begin PBXNativeTarget section */
		078D70AD2607BEAA00DFFD77 /* PersonalityTestApp */ = {
			isa = PBXNativeTarget;
			buildConfigurationList = 078D70C22607BEAC00DFFD77 /* Build configuration list for PBXNativeTarget "PersonalityTestApp" */;
			buildPhases = (
				078D70AA2607BEAA00DFFD77 /* Sources */,
				078D70AB2607BEAA00DFFD77 /* Frameworks */,
				078D70AC2607BEAA00DFFD77 /* Resources */,
			);
			buildRules = (
			);
			dependencies = (
			);
			name = PersonalityTestApp;
			productName = PersonalityTestApp;
			productReference = 078D70AE2607BEAA00DFFD77 /* PersonalityTestApp.app */;
			productType = "com.apple.product-type.application";
		};
/* End PBXNativeTarget section */

/* Begin PBXProject section */
		078D70A62607BEA900DFFD77 /* Project object */ = {
			isa = PBXProject;
			attributes = {
				LastSwiftUpdateCheck = 1110;
				LastUpgradeCheck = 1110;
				ORGANIZATIONNAME = mgontar;
				TargetAttributes = {
					078D70AD2607BEAA00DFFD77 = {
						CreatedOnToolsVersion = 11.1;
					};
				};
			};
			buildConfigurationList = 078D70A92607BEA900DFFD77 /* Build configuration list for PBXProject "PersonalityTestApp" */;
			compatibilityVersion = "Xcode 9.3";
			developmentRegion = en;
			hasScannedForEncodings = 0;
			knownRegions = (
				en,
				Base,
			);
			mainGroup = 078D70A52607BEA900DFFD77;
			productRefGroup = 078D70AF2607BEAA00DFFD77 /* Products */;
			projectDirPath = "";
			projectRoot = "";
			targets = (
				078D70AD2607BEAA00DFFD77 /* PersonalityTestApp */,
			);
		};
/* End PBXProject section */

/* Begin PBXResourcesBuildPhase section */
		078D70AC2607BEAA00DFFD77 /* Resources */ = {
			isa = PBXResourcesBuildPhase;
			buildActionMask = 2147483647;
			files = (
				078D70BB2607BEAC00DFFD77 /* Preview Assets.xcassets in Resources */,
				078D70B82607BEAC00DFFD77 /* Assets.xcassets in Resources */,
			);
			runOnlyForDeploymentPostprocessing = 0;
		};
/* End PBXResourcesBuildPhase section */

/* Begin PBXSourcesBuildPhase section */
		078D70AA2607BEAA00DFFD77 /* Sources */ = {
			isa = PBXSourcesBuildPhase;
			buildActionMask = 2147483647;
			files = (
				078D70B22607BEAA00DFFD77 /* AppDelegate.swift in Sources */,
				078D70CB2607C49C00DFFD77 /* QuestionResponse.swift in Sources */,
				078D70DD2608BF3B00DFFD77 /* LoadingIndicator.swift in Sources */,
				078D70D52607CEF700DFFD77 /* TestViewModel.swift in Sources */,
				078D70CD2607C56600DFFD77 /* QuestionError.swift in Sources */,
				078D70D92607E0AF00DFFD77 /* TestQuestionView.swift in Sources */,
				078D70C92607C41300DFFD77 /* QuestionFetcher.swift in Sources */,
				078D70D32607CE7C00DFFD77 /* TestQuestionViewModel.swift in Sources */,
				078D70D72607DE4600DFFD77 /* TestView.swift in Sources */,
				078D70B42607BEAA00DFFD77 /* SceneDelegate.swift in Sources */,
			);
			runOnlyForDeploymentPostprocessing = 0;
		};
/* End PBXSourcesBuildPhase section */

/* Begin XCBuildConfiguration section */
		078D70C02607BEAC00DFFD77 /* Debug */ = {
			isa = XCBuildConfiguration;
			buildSettings = {
				ALWAYS_SEARCH_USER_PATHS = NO;
				CLANG_ANALYZER_NONNULL = YES;
				CLANG_ANALYZER_NUMBER_OBJECT_CONVERSION = YES_AGGRESSIVE;
				CLANG_CXX_LANGUAGE_STANDARD = "gnu++14";
				CLANG_CXX_LIBRARY = "libc++";
				CLANG_ENABLE_MODULES = YES;
				CLANG_ENABLE_OBJC_ARC = YES;
				CLANG_ENABLE_OBJC_WEAK = YES;
				CLANG_WARN_BLOCK_CAPTURE_AUTORELEASING = YES;
				CLANG_WARN_BOOL_CONVERSION = YES;
				CLANG_WARN_COMMA = YES;
				CLANG_WARN_CONSTANT_CONVERSION = YES;
				CLANG_WARN_DEPRECATED_OBJC_IMPLEMENTATIONS = YES;
				CLANG_WARN_DIRECT_OBJC_ISA_USAGE = YES_ERROR;
				CLANG_WARN_DOCUMENTATION_COMMENTS = YES;
				CLANG_WARN_EMPTY_BODY = YES;
				CLANG_WARN_ENUM_CONVERSION = YES;
				CLANG_WARN_INFINITE_RECURSION = YES;
				CLANG_WARN_INT_CONVERSION = YES;
				CLANG_WARN_NON_LITERAL_NULL_CONVERSION = YES;
				CLANG_WARN_OBJC_IMPLICIT_RETAIN_SELF = YES;
				CLANG_WARN_OBJC_LITERAL_CONVERSION = YES;
				CLANG_WARN_OBJC_ROOT_CLASS = YES_ERROR;
				CLANG_WARN_RANGE_LOOP_ANALYSIS = YES;
				CLANG_WARN_STRICT_PROTOTYPES = YES;
				CLANG_WARN_SUSPICIOUS_MOVE = YES;
				CLANG_WARN_UNGUARDED_AVAILABILITY = YES_AGGRESSIVE;
				CLANG_WARN_UNREACHABLE_CODE = YES;
				CLANG_WARN__DUPLICATE_METHOD_MATCH = YES;
				COPY_PHASE_STRIP = NO;
				DEBUG_INFORMATION_FORMAT = dwarf;
				ENABLE_STRICT_OBJC_MSGSEND = YES;
				ENABLE_TESTABILITY = YES;
				GCC_C_LANGUAGE_STANDARD = gnu11;
				GCC_DYNAMIC_NO_PIC = NO;
				GCC_NO_COMMON_BLOCKS = YES;
				GCC_OPTIMIZATION_LEVEL = 0;
				GCC_PREPROCESSOR_DEFINITIONS = (
					"DEBUG=1",
					"$(inherited)",
				);
				GCC_WARN_64_TO_32_BIT_CONVERSION = YES;
				GCC_WARN_ABOUT_RETURN_TYPE = YES_ERROR;
				GCC_WARN_UNDECLARED_SELECTOR = YES;
				GCC_WARN_UNINITIALIZED_AUTOS = YES_AGGRESSIVE;
				GCC_WARN_UNUSED_FUNCTION = YES;
				GCC_WARN_UNUSED_VARIABLE = YES;
				IPHONEOS_DEPLOYMENT_TARGET = 13.1;
				MTL_ENABLE_DEBUG_INFO = INCLUDE_SOURCE;
				MTL_FAST_MATH = YES;
				ONLY_ACTIVE_ARCH = YES;
				SDKROOT = iphoneos;
				SWIFT_ACTIVE_COMPILATION_CONDITIONS = DEBUG;
				SWIFT_OPTIMIZATION_LEVEL = "-Onone";
			};
			name = Debug;
		};
		078D70C12607BEAC00DFFD77 /* Release */ = {
			isa = XCBuildConfiguration;
			buildSettings = {
				ALWAYS_SEARCH_USER_PATHS = NO;
				CLANG_ANALYZER_NONNULL = YES;
				CLANG_ANALYZER_NUMBER_OBJECT_CONVERSION = YES_AGGRESSIVE;
				CLANG_CXX_LANGUAGE_STANDARD = "gnu++14";
				CLANG_CXX_LIBRARY = "libc++";
				CLANG_ENABLE_MODULES = YES;
				CLANG_ENABLE_OBJC_ARC = YES;
				CLANG_ENABLE_OBJC_WEAK = YES;
				CLANG_WARN_BLOCK_CAPTURE_AUTORELEASING = YES;
				CLANG_WARN_BOOL_CONVERSION = YES;
				CLANG_WARN_COMMA = YES;
				CLANG_WARN_CONSTANT_CONVERSION = YES;
				CLANG_WARN_DEPRECATED_OBJC_IMPLEMENTATIONS = YES;
				CLANG_WARN_DIRECT_OBJC_ISA_USAGE = YES_ERROR;
				CLANG_WARN_DOCUMENTATION_COMMENTS = YES;
				CLANG_WARN_EMPTY_BODY = YES;
				CLANG_WARN_ENUM_CONVERSION = YES;
				CLANG_WARN_INFINITE_RECURSION = YES;
				CLANG_WARN_INT_CONVERSION = YES;
				CLANG_WARN_NON_LITERAL_NULL_CONVERSION = YES;
				CLANG_WARN_OBJC_IMPLICIT_RETAIN_SELF = YES;
				CLANG_WARN_OBJC_LITERAL_CONVERSION = YES;
				CLANG_WARN_OBJC_ROOT_CLASS = YES_ERROR;
				CLANG_WARN_RANGE_LOOP_ANALYSIS = YES;
				CLANG_WARN_STRICT_PROTOTYPES = YES;
				CLANG_WARN_SUSPICIOUS_MOVE = YES;
				CLANG_WARN_UNGUARDED_AVAILABILITY = YES_AGGRESSIVE;
				CLANG_WARN_UNREACHABLE_CODE = YES;
				CLANG_WARN__DUPLICATE_METHOD_MATCH = YES;
				COPY_PHASE_STRIP = NO;
				DEBUG_INFORMATION_FORMAT = "dwarf-with-dsym";
				ENABLE_NS_ASSERTIONS = NO;
				ENABLE_STRICT_OBJC_MSGSEND = YES;
				GCC_C_LANGUAGE_STANDARD = gnu11;
				GCC_NO_COMMON_BLOCKS = YES;
				GCC_WARN_64_TO_32_BIT_CONVERSION = YES;
				GCC_WARN_ABOUT_RETURN_TYPE = YES_ERROR;
				GCC_WARN_UNDECLARED_SELECTOR = YES;
				GCC_WARN_UNINITIALIZED_AUTOS = YES_AGGRESSIVE;
				GCC_WARN_UNUSED_FUNCTION = YES;
				GCC_WARN_UNUSED_VARIABLE = YES;
				IPHONEOS_DEPLOYMENT_TARGET = 13.1;
				MTL_ENABLE_DEBUG_INFO = NO;
				MTL_FAST_MATH = YES;
				SDKROOT = iphoneos;
				SWIFT_COMPILATION_MODE = wholemodule;
				SWIFT_OPTIMIZATION_LEVEL = "-O";
				VALIDATE_PRODUCT = YES;
			};
			name = Release;
		};
		078D70C32607BEAC00DFFD77 /* Debug */ = {
			isa = XCBuildConfiguration;
			buildSettings = {
				ASSETCATALOG_COMPILER_APPICON_NAME = AppIcon;
				CODE_SIGN_STYLE = Automatic;
				DEVELOPMENT_ASSET_PATHS = "\"PersonalityTestApp/Preview Content\"";
				DEVELOPMENT_TEAM = 967JR499XV;
				ENABLE_PREVIEWS = YES;
				INFOPLIST_FILE = PersonalityTestApp/SupportingFiles/Info.plist;
				LD_RUNPATH_SEARCH_PATHS = (
					"$(inherited)",
					"@executable_path/Frameworks",
				);
				PRODUCT_BUNDLE_IDENTIFIER = mgontar.PersonalityTestApp;
				PRODUCT_NAME = "$(TARGET_NAME)";
				SWIFT_VERSION = 5.0;
				TARGETED_DEVICE_FAMILY = "1,2";
			};
			name = Debug;
		};
		078D70C42607BEAC00DFFD77 /* Release */ = {
			isa = XCBuildConfiguration;
			buildSettings = {
				ASSETCATALOG_COMPILER_APPICON_NAME = AppIcon;
				CODE_SIGN_STYLE = Automatic;
				DEVELOPMENT_ASSET_PATHS = "\"PersonalityTestApp/Preview Content\"";
				DEVELOPMENT_TEAM = 967JR499XV;
				ENABLE_PREVIEWS = YES;
				INFOPLIST_FILE = PersonalityTestApp/SupportingFiles/Info.plist;
				LD_RUNPATH_SEARCH_PATHS = (
					"$(inherited)",
					"@executable_path/Frameworks",
				);
				PRODUCT_BUNDLE_IDENTIFIER = mgontar.PersonalityTestApp;
				PRODUCT_NAME = "$(TARGET_NAME)";
				SWIFT_VERSION = 5.0;
				TARGETED_DEVICE_FAMILY = "1,2";
			};
			name = Release;
		};
/* End XCBuildConfiguration section */

/* Begin XCConfigurationList section */
		078D70A92607BEA900DFFD77 /* Build configuration list for PBXProject "PersonalityTestApp" */ = {
			isa = XCConfigurationList;
			buildConfigurations = (
				078D70C02607BEAC00DFFD77 /* Debug */,
				078D70C12607BEAC00DFFD77 /* Release */,
			);
			defaultConfigurationIsVisible = 0;
			defaultConfigurationName = Release;
		};
		078D70C22607BEAC00DFFD77 /* Build configuration list for PBXNativeTarget "PersonalityTestApp" */ = {
			isa = XCConfigurationList;
			buildConfigurations = (
				078D70C32607BEAC00DFFD77 /* Debug */,
				078D70C42607BEAC00DFFD77 /* Release */,
			);
			defaultConfigurationIsVisible = 0;
			defaultConfigurationName = Release;
		};
/* End XCConfigurationList section */
	};
	rootObject = 078D70A62607BEA900DFFD77 /* Project object */;
}
